
Microsoft Visual Studio Solution File, Format Version 12.00
# Visual Studio Version 16
VisualStudioVersion = 16.0.30011.22
MinimumVisualStudioVersion = 10.0.40219.1
Project("{FAE04EC0-301F-11D3-BF4B-00C04F79EFBC}") = "NhatNghe_Buoi09", "NhatNghe_Buoi09\NhatNghe_Buoi09.csproj", "{EB275B25-2F7F-4F15-80C8-0287B2BD2B66}"
EndProject
Global
	GlobalSection(SolutionConfigurationPlatforms) = preSolution
		Debug|Any CPU = Debug|Any CPU
		Release|Any CPU = Release|Any CPU
	EndGlobalSection
	GlobalSection(ProjectConfigurationPlatforms) = postSolution
		{EB275B25-2F7F-4F15-80C8-0287B2BD2B66}.Debug|Any CPU.ActiveCfg = Debug|Any CPU
		{EB275B25-2F7F-4F15-80C8-0287B2BD2B66}.Debug|Any CPU.Build.0 = Debug|Any CPU
		{EB275B25-2F7F-4F15-80C8-0287B2BD2B66}.Release|Any CPU.ActiveCfg = Release|Any CPU
		{EB275B25-2F7F-4F15-80C8-0287B2BD2B66}.Release|Any CPU.Build.0 = Release|Any CPU
	EndGlobalSection
	GlobalSection(SolutionProperties) = preSolution
		HideSolutionNode = FALSE
	EndGlobalSection
	GlobalSection(ExtensibilityGlobals) = postSolution
		SolutionGuid = {6DD9EBB0-5EE3-4D5C-820C-8D81510F1F61}
	EndGlobalSection
EndGlobal
